[[dependencies]]
name = "@openzeppelin-contracts"
version = "5.0.1"
source = "https://soldeer-revisions.s3.amazonaws.com/@openzeppelin-contracts/5_0_1_22-01-2024_13:14:01_contracts.zip"
checksum = "c256cbf6f5f38d3b65c7528bbffb530d0bdb818a20c9d5b61235a829202d7df7"
integrity = "62919b79730f834fa3d23785909287c4c4e1f646566742bdd62d3271e4f7117e"

[[dependencies]]
name = "forge-std"
version = "1.9.2"
source = "https://soldeer-revisions.s3.amazonaws.com/forge-std/1_9_2_06-08-2024_17:31:25_forge-std-1.9.2.zip"
checksum = "20fd008c7c69b6c737cc0284469d1c76497107bc3e004d8381f6d8781cb27980"
integrity = "f49457fb6591f0dfd8b59e02e6eb4508a115ef08a86b0803feb0a3939d82d783"

[[dependencies]]
name = "risc0-ethereum"
version = "1.1.4"
source = "https://github.com/vlayer-xyz/risc0-ethereum/releases/download/v1.1.4-soldeer/contracts.zip"
checksum = "ff503afbc6371e5094513f326596de692dfe96204156602228d26cda4b5ba7ac"
integrity = "a135511d84d6a6ba6d802e6345e25ca092a9f8d196003927224934f029224e63"

[[dependencies]]
name = "vlayer"
version = "0.1.0-nightly-20241202-164f0bc"
source = "https://soldeer-revisions.s3.amazonaws.com/vlayer/0_1_0-nightly-20241202-164f0bc_02-12-2024_14:02:26_vlayer.zip"
checksum = "ff5b3c2561226a5fa1499166cbdc86aa3fcfa6ad521a32f67a446721304281db"
integrity = "7a81d34ca7491bd438dadad1670d36617b07b2625aa6873e0d5bd2cde6b42431"
